# THIS IS AN AUTOGENERATED FILE. DO NOT EDIT THIS FILE DIRECTLY.
# yarn lockfile v1


"@prettier/plugin-ruby@^0.12.3":
  version "0.12.3"
  resolved "https://registry.yarnpkg.com/@prettier/plugin-ruby/-/plugin-ruby-0.12.3.tgz#b7fb7af86c0f5822ca89a5c7c52946ff439f962c"
  integrity sha512-2DEsy9L5MW6fPCIHtl5b2ghVSh+J3ZBm+eyXDX8e/crKxVxzSdqMcYAHFdgtaZHMZvXvrFsftCZjw5qkwm3p3A==
  dependencies:
    prettier "^1.16.4"

prettier@^1.16.4, prettier@^1.17.1:
  version "1.17.1"
  resolved "https://registry.yarnpkg.com/prettier/-/prettier-1.17.1.tgz#ed64b4e93e370cb8a25b9ef7fef3e4fd1c0995db"
  integrity sha512-TzGRNvuUSmPgwivDqkZ9tM/qTGW9hqDKWOE9YHiyQdixlKbv7kvEqsmDPrcHJTKwthU774TQwZXVtaQ/mMsvjg==
